version = 1
revision = 3
requires-python = "==3.12.*"

[[package]]
name = "cadquery-ocp-novtk"
version = "7.9.3.1.1"
source = { registry = "https://pypi.org/simple" }
dependencies = [
    { name = "cadquery-ocp-proxy" },
]
wheels = [
    { url = "https://files.pythonhosted.org/packages/e2/ee/1f86553953ba4a511e2b324b6101fe42fd323d7feef6089fb3137fc36dc4/cadquery_ocp_novtk-7.9.3.1.1-cp312-cp312-macosx_11_0_arm64.whl", hash = "sha256:50931ba2d20aa57d5e3fe2bac790093fc65c8257f7899ec5071b9e8d13dbf4bd", size = 62300338, upload-time = "2026-05-28T13:07:55.429Z" },
    { url = "https://files.pythonhosted.org/packages/ed/8a/48a995811dbbf08e5b32337ff4e5f1bf3213d692b7ab43c47fa107346ce3/cadquery_ocp_novtk-7.9.3.1.1-cp312-cp312-macosx_11_0_x86_64.whl", hash = "sha256:17f707744671367a20271fc10826d1ff13ebb835345288c9377d10cd7768eeca", size = 67131956, upload-time = "2026-05-28T13:07:58.852Z" },
    { url = "https://files.pythonhosted.org/packages/36/26/32dc553e7f177976c16c085a20b6e67c782bc9ea7dcd130abdba28ee4c55/cadquery_ocp_novtk-7.9.3.1.1-cp312-cp312-manylinux_2_31_aarch64.whl", hash = "sha256:847ce78339ce2860f25a3d3109852c9c7746f4450293f359f69ecaa57967752f", size = 61980056, upload-time = "2026-05-28T13:08:02.522Z" },
    { url = "https://files.pythonhosted.org/packages/4d/32/8907aae7ee5c5c968a50a1d382a01854ca3abdc830a486e79dda64a66746/cadquery_ocp_novtk-7.9.3.1.1-cp312-cp312-manylinux_2_31_x86_64.whl", hash = "sha256:60497cf42419dd2000d323ab772937f61539f2f0a5d3ef1b288611b13254c587", size = 67452403, upload-time = "2026-05-28T13:08:07.428Z" },
    { url = "https://files.pythonhosted.org/packages/b5/03/3cc50b5a68dbe16456eccbd2c5128bcef62783c9a809d36cf11f4d1120ed/cadquery_ocp_novtk-7.9.3.1.1-cp312-cp312-win_amd64.whl", hash = "sha256:5d22339cdaac64c396f0658de8728915acfac9b868406f0078e52f50a3c25c65", size = 46364919, upload-time = "2026-05-28T13:08:11.854Z" },
]

[[package]]
name = "cadquery-ocp-proxy"
version = "7.9.3.1.1"
source = { registry = "https://pypi.org/simple" }
wheels = [
    { url = "https://files.pythonhosted.org/packages/30/c0/04e9363a99fee892de2776820e3dcf04f8825b6edc9580efe3416c9465a7/cadquery_ocp_proxy-7.9.3.1.1-py3-none-any.whl", hash = "sha256:ca4164ec4b54956d9fc3e68c67d555b5486cb963c2f71e18df005ba16b921c91", size = 3322, upload-time = "2026-05-28T13:08:49.092Z" },
]

[[package]]
name = "colorama"
version = "0.4.6"
source = { registry = "https://pypi.org/simple" }
sdist = { url = "https://files.pythonhosted.org/packages/d8/53/6f443c9a4a8358a93a6792e2acffb9d9d5cb0a5cfd8802644b7b1c9a02e4/colorama-0.4.6.tar.gz", hash = "sha256:08695f5cb7ed6e0531a20572697297273c47b8cae5a63ffc6d6ed5c201be6e44", size = 27697, upload-time = "2022-10-25T02:36:22.414Z" }
wheels = [
    { url = "https://files.pythonhosted.org/packages/d1/d6/3965ed04c63042e047cb6a3e6ed1a63a35087b6a609aa3a15ed8ac56c221/colorama-0.4.6-py2.py3-none-any.whl", hash = "sha256:4f1d9991f5acc0ca119f9d443620b77f9d6b33703e51011c16baf57afb285fc6", size = 25335, upload-time = "2022-10-25T02:36:20.889Z" },
]

[[package]]
name = "iniconfig"
version = "2.3.0"
source = { registry = "https://pypi.org/simple" }
sdist = { url = "https://files.pythonhosted.org/packages/72/34/14ca021ce8e5dfedc35312d08ba8bf51fdd999c576889fc2c24cb97f4f10/iniconfig-2.3.0.tar.gz", hash = "sha256:c76315c77db068650d49c5b56314774a7804df16fee4402c1f19d6d15d8c4730", size = 20503, upload-time = "2025-10-18T21:55:43.219Z" }
wheels = [
    { url = "https://files.pythonhosted.org/packages/cb/b1/3846dd7f199d53cb17f49cba7e651e9ce294d8497c8c150530ed11865bb8/iniconfig-2.3.0-py3-none-any.whl", hash = "sha256:f631c04d2c48c52b84d0d0549c99ff3859c98df65b3101406327ecc7d53fbf12", size = 7484, upload-time = "2025-10-18T21:55:41.639Z" },
]

[[package]]
name = "packaging"
version = "26.3"
source = { registry = "https://pypi.org/simple" }
sdist = { url = "https://files.pythonhosted.org/packages/7d/fa/3944b40b07da9ce895c0e6303a5ab7d53da063554f534556b134a54d6093/packaging-26.3.tar.gz", hash = "sha256:94edc256424af38762eb31306eed28beb9f0efc50a8837492c9d6fd6004aed79", size = 313412, upload-time = "2026-08-04T18:15:28.737Z" }
wheels = [
    { url = "https://files.pythonhosted.org/packages/63/34/ba1c580383c9eada3711951fef0795c80b829a078d72188184bcab9dd527/packaging-26.3-py3-none-any.whl", hash = "sha256:d7193f7c8e4e93f444fde0262bf90af30e16fa0ad0ad44cb553c87339b23cd1c", size = 129956, upload-time = "2026-08-04T18:15:27.159Z" },
]

[[package]]
name = "pluggy"
version = "1.6.0"
source = { registry = "https://pypi.org/simple" }
sdist = { url = "https://files.pythonhosted.org/packages/f9/e2/3e91f31a7d2b083fe6ef3fa267035b518369d9511ffab804f839851d2779/pluggy-1.6.0.tar.gz", hash = "sha256:7dcc130b76258d33b90f61b658791dede3486c3e6bfb003ee5c9bfb396dd22f3", size = 69412, upload-time = "2025-05-15T12:30:07.975Z" }
wheels = [
    { url = "https://files.pythonhosted.org/packages/54/20/4d324d65cc6d9205fabedc306948156824eb9f0ee1633355a8f7ec5c66bf/pluggy-1.6.0-py3-none-any.whl", hash = "sha256:e920276dd6813095e9377c0bc5566d94c932c33b27a3e3945d8389c374dd4746", size = 20538, upload-time = "2025-05-15T12:30:06.134Z" },
]

[[package]]
name = "pygments"
version = "2.21.0"
source = { registry = "https://pypi.org/simple" }
sdist = { url = "https://files.pythonhosted.org/packages/49/2e/ced460408999b33da6b31b0021b0f37d329e202d4169aeb164493778f25b/pygments-2.21.0.tar.gz", hash = "sha256:610ca751c9bc2492b38eb9a38a7fbc93edbbb2d7182edaf34e66ae493dee5c8c", size = 5005329, upload-time = "2026-08-17T08:02:48.824Z" }
wheels = [
    { url = "https://files.pythonhosted.org/packages/71/46/17f022dd3e953bf20a04a028a21ec746d942f8d2af30fa0f124fa0e6a684/pygments-2.21.0-py3-none-any.whl", hash = "sha256:2363c69b61c4a97c838da3b130dcd6468f4848992b21a82f2a63ec34377137d9", size = 1250147, upload-time = "2026-08-17T08:02:44.912Z" },
]

[[package]]
name = "pyside6"
version = "6.8.3"
source = { registry = "https://pypi.org/simple" }
dependencies = [
    { name = "pyside6-addons" },
    { name = "pyside6-essentials" },
    { name = "shiboken6" },
]
wheels = [
    { url = "https://files.pythonhosted.org/packages/ef/5f/dc408fb62a99d20e30f930f4de60c7d5c257d25a97baab600dc430f859bf/PySide6-6.8.3-cp39-abi3-macosx_12_0_universal2.whl", hash = "sha256:31f390c961b54067ae41360e5ea3b340ce0e0e5feadea2236c28226d3b37edcc", size = 553886, upload-time = "2025-03-27T12:10:10.147Z" },
    { url = "https://files.pythonhosted.org/packages/f0/00/67c41f7280ed9d1c53a50bdaa5a6050134875341f0be96a58d329fe71ade/PySide6-6.8.3-cp39-abi3-manylinux_2_28_x86_64.whl", hash = "sha256:8e53e2357bfbdee1fa86c48312bf637460a2c26d49e7af0b3fae2e179ccc7052", size = 554788, upload-time = "2025-03-27T12:10:12.514Z" },
    { url = "https://files.pythonhosted.org/packages/99/80/79df5af0f309f75297054caf127e82c6c4e6c3cd237a8abd428d18fe3a16/PySide6-6.8.3-cp39-abi3-manylinux_2_39_aarch64.whl", hash = "sha256:5bf5153cab9484629315f57c56a9ad4b7d075b4dd275f828f7549abf712c590b", size = 554785, upload-time = "2025-03-27T12:10:14.054Z" },
    { url = "https://files.pythonhosted.org/packages/ce/b0/238abab3e005fff130a455ba07e8f1323e624b14e41f70f2f62c6bdc2601/PySide6-6.8.3-cp39-abi3-win_amd64.whl", hash = "sha256:722dc0061d8ef6dbb8c0b99864f21e83a5b49ece1ecb2d0b890840d969e1e461", size = 561080, upload-time = "2025-03-27T12:10:15.467Z" },
]

[[package]]
name = "pyside6-addons"
version = "6.8.3"
source = { registry = "https://pypi.org/simple" }
dependencies = [
    { name = "pyside6-essentials" },
    { name = "shiboken6" },
]
wheels = [
    { url = "https://files.pythonhosted.org/packages/2f/23/fcd006128ecac40284fc218f804a46c52ebc1ad5995f3edb548d296f0d39/PySide6_Addons-6.8.3-cp39-abi3-macosx_12_0_universal2.whl", hash = "sha256:ea46649e40b9e6ab11a0da2da054d3914bff5607a5882885e9c3bc2eef200036", size = 302447038, upload-time = "2025-03-27T12:11:29.671Z" },
    { url = "https://files.pythonhosted.org/packages/49/93/e7c743e7a01e66f22cac4133c320832700b9d15a43d9a46dbd067cc1877e/PySide6_Addons-6.8.3-cp39-abi3-manylinux_2_28_x86_64.whl", hash = "sha256:6983d3b01fad53637bad5360930d5923509c744cc39704f9c1190eb9934e33da", size = 160547187, upload-time = "2025-03-27T12:12:13.027Z" },
    { url = "https://files.pythonhosted.org/packages/c7/5b/51217c90f9292651ef39ec3179bcb7797db1481a8f61138378720b1b91bc/PySide6_Addons-6.8.3-cp39-abi3-manylinux_2_39_aarch64.whl", hash = "sha256:7949a844a40ee10998eb2734e2c06c4c7182dfcd4c21cc4108a6b96655ebe59f", size = 156291508, upload-time = "2025-03-27T12:12:52.071Z" },
    { url = "https://files.pythonhosted.org/packages/77/e8/bbe84519355814166bbb7e867dfc8c7ea0044827d64b6b11c29a7b1a7424/PySide6_Addons-6.8.3-cp39-abi3-win_amd64.whl", hash = "sha256:67548f6db11f4e1b7e4b6efd9c3fc2e8d275188a7b2feac388961128572a6955", size = 127865208, upload-time = "2025-03-27T12:13:24.828Z" },
]

[[package]]
name = "pyside6-essentials"
version = "6.8.3"
source = { registry = "https://pypi.org/simple" }
dependencies = [
    { name = "shiboken6" },
]
wheels = [
    { url = "https://files.pythonhosted.org/packages/ad/74/082381f996baea3d6716d542c2184cb031e63f1cb6d4edca871fe82dd787/PySide6_Essentials-6.8.3-cp39-abi3-macosx_12_0_universal2.whl", hash = "sha256:aa56c135db924ecfaf50088baf32f737d28027419ca5fee67c0c7141b29184e3", size = 134189733, upload-time = "2025-03-27T12:14:00.369Z" },
    { url = "https://files.pythonhosted.org/packages/f0/b2/3205336262bf88d57f01503df81ede2a0b1eecbb2a7d58978a5e5625f7c1/PySide6_Essentials-6.8.3-cp39-abi3-manylinux_2_28_x86_64.whl", hash = "sha256:fd57fa0c886ef99b3844173322c0023ec77cc946a0c9a0cdfbc2ac5c511053c1", size = 95088226, upload-time = "2025-03-27T12:14:25.965Z" },
    { url = "https://files.pythonhosted.org/packages/c9/e9/c5c48563c0436465356dbef44ef0396713c1194c37c7bb4d75c83414b90c/PySide6_Essentials-6.8.3-cp39-abi3-manylinux_2_39_aarch64.whl", hash = "sha256:b4f4823f870b5bed477d6f7b6a3041839b859f70abfd703cf53208c73c2fe4cd", size = 92966444, upload-time = "2025-03-27T12:14:50.946Z" },
    { url = "https://files.pythonhosted.org/packages/8e/0f/5d8c6da7586e57ee032643e0c0e62335ef1a1add1a980160ddd1654f1d8d/PySide6_Essentials-6.8.3-cp39-abi3-win_amd64.whl", hash = "sha256:3c0fae5550aff69f2166f46476c36e0ef56ce73d84829eac4559770b0c034b07", size = 72191029, upload-time = "2025-03-27T12:15:10.425Z" },
]

[[package]]
name = "pytest"
version = "8.4.2"
source = { registry = "https://pypi.org/simple" }
dependencies = [
    { name = "colorama", marker = "sys_platform == 'win32'" },
    { name = "iniconfig" },
    { name = "packaging" },
    { name = "pluggy" },
    { name = "pygments" },
]
sdist = { url = "https://files.pythonhosted.org/packages/a3/5c/00a0e072241553e1a7496d638deababa67c5058571567b92a7eaa258397c/pytest-8.4.2.tar.gz", hash = "sha256:86c0d0b93306b961d58d62a4db4879f27fe25513d4b969df351abdddb3c30e01", size = 1519618, upload-time = "2025-09-04T14:34:22.711Z" }
wheels = [
    { url = "https://files.pythonhosted.org/packages/a8/a4/20da314d277121d6534b3a980b29035dcd51e6744bd79075a6ce8fa4eb8d/pytest-8.4.2-py3-none-any.whl", hash = "sha256:872f880de3fc3a5bdc88a11b39c9710c3497a547cfa9320bc3c5e62fbf272e79", size = 365750, upload-time = "2025-09-04T14:34:20.226Z" },
]

[[package]]
name = "pytest-qt"
version = "4.5.0"
source = { registry = "https://pypi.org/simple" }
dependencies = [
    { name = "pluggy" },
    { name = "pytest" },
    { name = "typing-extensions" },
]
sdist = { url = "https://files.pythonhosted.org/packages/d3/61/8bdec02663c18bf5016709b909411dce04a868710477dc9b9844ffcf8dd2/pytest_qt-4.5.0.tar.gz", hash = "sha256:51620e01c488f065d2036425cbc1cbcf8a6972295105fd285321eb47e66a319f", size = 128702, upload-time = "2025-07-01T17:24:39.889Z" }
wheels = [
    { url = "https://files.pythonhosted.org/packages/cc/d0/8339b888ad64a3d4e508fed8245a402b503846e1972c10ad60955883dcbb/pytest_qt-4.5.0-py3-none-any.whl", hash = "sha256:ed21ea9b861247f7d18090a26bfbda8fb51d7a8a7b6f776157426ff2ccf26eff", size = 37214, upload-time = "2025-07-01T17:24:38.226Z" },
]

[[package]]
name = "ruff"
version = "0.12.12"
source = { registry = "https://pypi.org/simple" }
sdist = { url = "https://files.pythonhosted.org/packages/a8/f0/e0965dd709b8cabe6356811c0ee8c096806bb57d20b5019eb4e48a117410/ruff-0.12.12.tar.gz", hash = "sha256:b86cd3415dbe31b3b46a71c598f4c4b2f550346d1ccf6326b347cc0c8fd063d6", size = 5359915, upload-time = "2025-09-04T16:50:18.273Z" }
wheels = [
    { url = "https://files.pythonhosted.org/packages/09/79/8d3d687224d88367b51c7974cec1040c4b015772bfbeffac95face14c04a/ruff-0.12.12-py3-none-linux_armv6l.whl", hash = "sha256:de1c4b916d98ab289818e55ce481e2cacfaad7710b01d1f990c497edf217dafc", size = 12116602, upload-time = "2025-09-04T16:49:18.892Z" },
    { url = "https://files.pythonhosted.org/packages/c3/c3/6e599657fe192462f94861a09aae935b869aea8a1da07f47d6eae471397c/ruff-0.12.12-py3-none-macosx_10_12_x86_64.whl", hash = "sha256:7acd6045e87fac75a0b0cdedacf9ab3e1ad9d929d149785903cff9bb69ad9727", size = 12868393, upload-time = "2025-09-04T16:49:23.043Z" },
    { url = "https://files.pythonhosted.org/packages/e8/d2/9e3e40d399abc95336b1843f52fc0daaceb672d0e3c9290a28ff1a96f79d/ruff-0.12.12-py3-none-macosx_11_0_arm64.whl", hash = "sha256:abf4073688d7d6da16611f2f126be86523a8ec4343d15d276c614bda8ec44edb", size = 12036967, upload-time = "2025-09-04T16:49:26.04Z" },
    { url = "https://files.pythonhosted.org/packages/e9/03/6816b2ed08836be272e87107d905f0908be5b4a40c14bfc91043e76631b8/ruff-0.12.12-py3-none-manylinux_2_17_aarch64.manylinux2014_aarch64.whl", hash = "sha256:968e77094b1d7a576992ac078557d1439df678a34c6fe02fd979f973af167577", size = 12276038, upload-time = "2025-09-04T16:49:29.056Z" },
    { url = "https://files.pythonhosted.org/packages/9f/d5/707b92a61310edf358a389477eabd8af68f375c0ef858194be97ca5b6069/ruff-0.12.12-py3-none-manylinux_2_17_armv7l.manylinux2014_armv7l.whl", hash = "sha256:42a67d16e5b1ffc6d21c5f67851e0e769517fb57a8ebad1d0781b30888aa704e", size = 11901110, upload-time = "2025-09-04T16:49:32.07Z" },
    { url = "https://files.pythonhosted.org/packages/9d/3d/f8b1038f4b9822e26ec3d5b49cf2bc313e3c1564cceb4c1a42820bf74853/ruff-0.12.12-py3-none-manylinux_2_17_i686.manylinux2014_i686.whl", hash = "sha256:b216ec0a0674e4b1214dcc998a5088e54eaf39417327b19ffefba1c4a1e4971e", size = 13668352, upload-time = "2025-09-04T16:49:35.148Z" },
    { url = "https://files.pythonhosted.org/packages/98/0e/91421368ae6c4f3765dd41a150f760c5f725516028a6be30e58255e3c668/ruff-0.12.12-py3-none-manylinux_2_17_ppc64.manylinux2014_ppc64.whl", hash = "sha256:59f909c0fdd8f1dcdbfed0b9569b8bf428cf144bec87d9de298dcd4723f5bee8", size = 14638365, upload-time = "2025-09-04T16:49:38.892Z" },
    { url = "https://files.pythonhosted.org/packages/74/5d/88f3f06a142f58ecc8ecb0c2fe0b82343e2a2b04dcd098809f717cf74b6c/ruff-0.12.12-py3-none-manylinux_2_17_ppc64le.manylinux2014_ppc64le.whl", hash = "sha256:9ac93d87047e765336f0c18eacad51dad0c1c33c9df7484c40f98e1d773876f5", size = 14060812, upload-time = "2025-09-04T16:49:42.732Z" },
    { url = "https://files.pythonhosted.org/packages/13/fc/8962e7ddd2e81863d5c92400820f650b86f97ff919c59836fbc4c1a6d84c/ruff-0.12.12-py3-none-manylinux_2_17_s390x.manylinux2014_s390x.whl", hash = "sha256:01543c137fd3650d322922e8b14cc133b8ea734617c4891c5a9fccf4bfc9aa92", size = 13050208, upload-time = "2025-09-04T16:49:46.434Z" },
    { url = "https://files.pythonhosted.org/packages/53/06/8deb52d48a9a624fd37390555d9589e719eac568c020b27e96eed671f25f/ruff-0.12.12-py3-none-manylinux_2_17_x86_64.manylinux2014_x86_64.whl", hash = "sha256:2afc2fa864197634e549d87fb1e7b6feb01df0a80fd510d6489e1ce8c0b1cc45", size = 13311444, upload-time = "2025-09-04T16:49:49.931Z" },
    { url = "https://files.pythonhosted.org/packages/2a/81/de5a29af7eb8f341f8140867ffb93f82e4fde7256dadee79016ac87c2716/ruff-0.12.12-py3-none-manylinux_2_31_riscv64.whl", hash = "sha256:0c0945246f5ad776cb8925e36af2438e66188d2b57d9cf2eed2c382c58b371e5", size = 13279474, upload-time = "2025-09-04T16:49:53.465Z" },
    { url = "https://files.pythonhosted.org/packages/7f/14/d9577fdeaf791737ada1b4f5c6b59c21c3326f3f683229096cccd7674e0c/ruff-0.12.12-py3-none-musllinux_1_2_aarch64.whl", hash = "sha256:a0fbafe8c58e37aae28b84a80ba1817f2ea552e9450156018a478bf1fa80f4e4", size = 12070204, upload-time = "2025-09-04T16:49:56.882Z" },
    { url = "https://files.pythonhosted.org/packages/77/04/a910078284b47fad54506dc0af13839c418ff704e341c176f64e1127e461/ruff-0.12.12-py3-none-musllinux_1_2_armv7l.whl", hash = "sha256:b9c456fb2fc8e1282affa932c9e40f5ec31ec9cbb66751a316bd131273b57c23", size = 11880347, upload-time = "2025-09-04T16:49:59.729Z" },
    { url = "https://files.pythonhosted.org/packages/df/58/30185fcb0e89f05e7ea82e5817b47798f7fa7179863f9d9ba6fd4fe1b098/ruff-0.12.12-py3-none-musllinux_1_2_i686.whl", hash = "sha256:5f12856123b0ad0147d90b3961f5c90e7427f9acd4b40050705499c98983f489", size = 12891844, upload-time = "2025-09-04T16:50:02.591Z" },
    { url = "https://files.pythonhosted.org/packages/21/9c/28a8dacce4855e6703dcb8cdf6c1705d0b23dd01d60150786cd55aa93b16/ruff-0.12.12-py3-none-musllinux_1_2_x86_64.whl", hash = "sha256:26a1b5a2bf7dd2c47e3b46d077cd9c0fc3b93e6c6cc9ed750bd312ae9dc302ee", size = 13360687, upload-time = "2025-09-04T16:50:05.8Z" },
    { url = "https://files.pythonhosted.org/packages/c8/fa/05b6428a008e60f79546c943e54068316f32ec8ab5c4f73e4563934fbdc7/ruff-0.12.12-py3-none-win32.whl", hash = "sha256:173be2bfc142af07a01e3a759aba6f7791aa47acf3604f610b1c36db888df7b1", size = 12052870, upload-time = "2025-09-04T16:50:09.121Z" },
    { url = "https://files.pythonhosted.org/packages/85/60/d1e335417804df452589271818749d061b22772b87efda88354cf35cdb7a/ruff-0.12.12-py3-none-win_amd64.whl", hash = "sha256:e99620bf01884e5f38611934c09dd194eb665b0109104acae3ba6102b600fd0d", size = 13178016, upload-time = "2025-09-04T16:50:12.559Z" },
    { url = "https://files.pythonhosted.org/packages/28/7e/61c42657f6e4614a4258f1c3b0c5b93adc4d1f8575f5229d1906b483099b/ruff-0.12.12-py3-none-win_arm64.whl", hash = "sha256:2a8199cab4ce4d72d158319b63370abf60991495fb733db96cd923a34c52d093", size = 12256762, upload-time = "2025-09-04T16:50:15.737Z" },
]

[[package]]
name = "shiboken6"
version = "6.8.3"
source = { registry = "https://pypi.org/simple" }
wheels = [
    { url = "https://files.pythonhosted.org/packages/e5/89/162c763f2799786e16f9045aa599dcf126e0f5f6a517f1e0251ba0be17e6/shiboken6-6.8.3-cp39-abi3-macosx_12_0_universal2.whl", hash = "sha256:483efc7dd53c69147b8a8ade71f7619c79ffc683efcb1dc4f4cb6c40bb23d29b", size = 402402, upload-time = "2025-03-27T12:07:27.796Z" },
    { url = "https://files.pythonhosted.org/packages/76/a1/f1958c9d00176044ab00464cd89b6969ef3a7d2ed12d316ff1eda3dec88f/shiboken6-6.8.3-cp39-abi3-manylinux_2_28_x86_64.whl", hash = "sha256:295a003466ca2cccf6660e2f2ceb5e6cef4af192a48a196a32d46b6f0c9ec5cb", size = 204730, upload-time = "2025-03-27T12:07:29.773Z" },
    { url = "https://files.pythonhosted.org/packages/a8/8d/48ba0b33953592e54b688f2dceb06274f419f7743a3ea0f4e48faf837652/shiboken6-6.8.3-cp39-abi3-manylinux_2_39_aarch64.whl", hash = "sha256:2b1a41348102952d2a5fbf3630bddd4d44112e18058b5e4cf505e51f2812429d", size = 201025, upload-time = "2025-03-27T12:07:31.272Z" },
    { url = "https://files.pythonhosted.org/packages/aa/29/e77f3fba5337f2d98f977eece0fd24cda6cf7d83be2699514d2ca1d34f6c/shiboken6-6.8.3-cp39-abi3-win_amd64.whl", hash = "sha256:bca3a94513ce9242f7d4bbdca902072a1631888e0aa3a8711a52cc5dbe93588f", size = 1150998, upload-time = "2025-03-27T12:07:33.38Z" },
]

[[package]]
name = "stepseg"
version = "0.1.0"
source = { editable = "." }
dependencies = [
    { name = "cadquery-ocp-novtk" },
    { name = "pyside6" },
]

[package.dev-dependencies]
dev = [
    { name = "pytest" },
    { name = "pytest-qt" },
    { name = "ruff" },
]

[package.metadata]
requires-dist = [
    { name = "cadquery-ocp-novtk", specifier = "==7.9.3.1.1" },
    { name = "pyside6", specifier = "==6.8.3" },
]

[package.metadata.requires-dev]
dev = [
    { name = "pytest", specifier = ">=8.3,<9" },
    { name = "pytest-qt", specifier = ">=4.4,<5" },
    { name = "ruff", specifier = ">=0.12,<0.13" },
]

[[package]]
name = "typing-extensions"
version = "4.16.0"
source = { registry = "https://pypi.org/simple" }
sdist = { url = "https://files.pythonhosted.org/packages/f6/cc/6253133b5bb138fc3306cebfbda2c520f545d36b5be2c7255cc528bb45d6/typing_extensions-4.16.0.tar.gz", hash = "sha256:dc983d19a509c94dba722ee6abd33940f7c05a89e243c47e907eb4db6f1a43e5", size = 113555, upload-time = "2026-07-02T08:40:05.92Z" }
wheels = [
    { url = "https://files.pythonhosted.org/packages/49/d3/b8441a820a491ddfc024b0b0cf0393375b75ea13866d9c66727e54c2fc80/typing_extensions-4.16.0-py3-none-any.whl", hash = "sha256:481caa481374e813c1b176ada14e97f1f67a4539ce9cfeb3f350d78d6370c2e8", size = 45571, upload-time = "2026-07-02T08:40:04.659Z" },
]
